# THIS IS AN AUTOGENERATED FILE. DO NOT EDIT THIS FILE DIRECTLY.
# yarn lockfile v1


immutable@^4.0.0-rc.12:
  version "4.0.0-rc.12"
  resolved "https://registry.yarnpkg.com/immutable/-/immutable-4.0.0-rc.12.tgz#ca59a7e4c19ae8d9bf74a97bdf0f6e2f2a5d0217"
  integrity sha512-0M2XxkZLx/mi3t8NVwIm1g8nHoEmM9p9UBl/G9k4+hm0kBgOVdMV/B3CY5dQ8qG8qc80NN4gDV4HQv6FTJ5q7A==

oboros@^0.0.3:
  version "0.0.3"
  resolved "https://registry.yarnpkg.com/oboros/-/oboros-0.0.3.tgz#55162ebed16f68e78a23f912c8daece09b73d57a"
  integrity sha512-AR+Dd4cRaUXhRhdeO/uZ/lUSFOLVXQW0Ck7QHfklC+v9H8r2NSYlM8GVlS5QtKRwURplFF+ZG1jGRr9hytpzBw==
  dependencies:
    immutable "^4.0.0-rc.12"
