# THIS IS AN AUTOGENERATED FILE. DO NOT EDIT THIS FILE DIRECTLY.
# yarn lockfile v1


oboros@^0.0.4:
  version "0.0.4"
  resolved "https://registry.yarnpkg.com/oboros/-/oboros-0.0.4.tgz#2f671fc7889982b74878cc34f97e478e5529ad02"
  integrity sha512-SHSeLuu+kFcZqH/Os7SwU9THuXJ5qFXFtzYbcwEAHNTAHRpXICz7IGIBNofSw+5trKaQWFXklzem5w8+rBTuhA==
